
Microsoft Visual Studio Solution File, Format Version 12.00
# Visual Studio Version 17
VisualStudioVersion = 17.5.002.0
MinimumVisualStudioVersion = 10.0.40219.1
Project("{9A19103F-16F7-4668-BE54-9A1E7A4F7556}") = "CIS106ExceptionHandling", "CIS106ExceptionHandling.csproj", "{395915A1-6A24-4082-B4BD-008EB971A19D}"
EndProject
Global
	GlobalSection(SolutionConfigurationPlatforms) = preSolution
		Debug|Any CPU = Debug|Any CPU
		Release|Any CPU = Release|Any CPU
	EndGlobalSection
	GlobalSection(ProjectConfigurationPlatforms) = postSolution
		{395915A1-6A24-4082-B4BD-008EB971A19D}.Debug|Any CPU.ActiveCfg = Debug|Any CPU
		{395915A1-6A24-4082-B4BD-008EB971A19D}.Debug|Any CPU.Build.0 = Debug|Any CPU
		{395915A1-6A24-4082-B4BD-008EB971A19D}.Release|Any CPU.ActiveCfg = Release|Any CPU
		{395915A1-6A24-4082-B4BD-008EB971A19D}.Release|Any CPU.Build.0 = Release|Any CPU
	EndGlobalSection
	GlobalSection(SolutionProperties) = preSolution
		HideSolutionNode = FALSE
	EndGlobalSection
	GlobalSection(ExtensibilityGlobals) = postSolution
		SolutionGuid = {352C045F-3744-4275-8359-BEFE2C54E7FF}
	EndGlobalSection
EndGlobal
